
Microsoft Visual Studio Solution File, Format Version 12.00
# Visual Studio Version 17
VisualStudioVersion = 17.13.35913.81 d17.13
MinimumVisualStudioVersion = 10.0.40219.1
Project("{FAE04EC0-301F-11D3-BF4B-00C04F79EFBC}") = "игра", "игра\игра.csproj", "{D278AB62-DD4A-433C-A7EC-9DAD66362C1B}"
EndProject
Global
	GlobalSection(SolutionConfigurationPlatforms) = preSolution
		Debug|Any CPU = Debug|Any CPU
		Release|Any CPU = Release|Any CPU
	EndGlobalSection
	GlobalSection(ProjectConfigurationPlatforms) = postSolution
		{D278AB62-DD4A-433C-A7EC-9DAD66362C1B}.Debug|Any CPU.ActiveCfg = Debug|Any CPU
		{D278AB62-DD4A-433C-A7EC-9DAD66362C1B}.Debug|Any CPU.Build.0 = Debug|Any CPU
		{D278AB62-DD4A-433C-A7EC-9DAD66362C1B}.Release|Any CPU.ActiveCfg = Release|Any CPU
		{D278AB62-DD4A-433C-A7EC-9DAD66362C1B}.Release|Any CPU.Build.0 = Release|Any CPU
	EndGlobalSection
	GlobalSection(SolutionProperties) = preSolution
		HideSolutionNode = FALSE
	EndGlobalSection
	GlobalSection(ExtensibilityGlobals) = postSolution
		SolutionGuid = {1D92800C-1B25-460D-8921-673526A481D8}
	EndGlobalSection
EndGlobal
